
Microsoft Visual Studio Solution File, Format Version 12.00
# Visual Studio Version 17
VisualStudioVersion = 17.14.36811.4
MinimumVisualStudioVersion = 10.0.40219.1
Project("{2150E333-8FDC-42A3-9474-1A3956D46DE8}") = "src", "src", "{02EA681E-C7D8-13C7-8484-4AC65E1B71E8}"
EndProject
Project("{2150E333-8FDC-42A3-9474-1A3956D46DE8}") = "tests", "tests", "{8DA2229C-5753-4B0D-AAB7-C45C83C50DA1}"
EndProject
Project("{FAE04EC0-301F-11D3-BF4B-00C04F79EFBC}") = "FiscCert.Domain", "src\FiscCert.Domain\FiscCert.Domain.csproj", "{81DEA3EA-DCEB-422D-9B91-75D28DCDC871}"
EndProject
Project("{FAE04EC0-301F-11D3-BF4B-00C04F79EFBC}") = "FiscCert.UnitTest", "tests\FiscCert.UnitTest\FiscCert.UnitTest.csproj", "{5788EEFF-6142-4BE7-911E-29F0B4B2C8A9}"
EndProject
Project("{FAE04EC0-301F-11D3-BF4B-00C04F79EFBC}") = "FiscCert.Application", "src\FiscCert.Application\FiscCert.Application.csproj", "{4D960974-300D-4850-9282-C0B69008863B}"
EndProject
Project("{FAE04EC0-301F-11D3-BF4B-00C04F79EFBC}") = "FiscCert.Application.UnitTests", "tests\FiscCert.Application.UnitTests\FiscCert.Application.UnitTests.csproj", "{2A54A9CB-65C3-4D70-B81F-9CE548F27354}"
EndProject
Project("{FAE04EC0-301F-11D3-BF4B-00C04F79EFBC}") = "FiscCert.Infrastructure", "src\FiscCert.Infrastructure\FiscCert.Infrastructure.csproj", "{F9824D4A-7643-4DD4-970F-3C2F31B7D810}"
EndProject
Project("{FAE04EC0-301F-11D3-BF4B-00C04F79EFBC}") = "FiscCert.Infrastructure.Tests", "tests\FiscCert.Infrastructure.Tests\FiscCert.Infrastructure.Tests.csproj", "{7DECD412-DE95-430F-962E-3E7E7B459EA2}"
EndProject
Project("{FAE04EC0-301F-11D3-BF4B-00C04F79EFBC}") = "FiscCert.Api", "src\FiscCert.Api\FiscCert.Api.csproj", "{AA5D1DA6-4DB0-4197-A51C-F5FBEBDBABEF}"
EndProject
Project("{FAE04EC0-301F-11D3-BF4B-00C04F79EFBC}") = "FiscCert.Web", "src\FiscCert.Web\FiscCert.Web.csproj", "{D246ED70-D94C-4EE2-B126-F89F84D80641}"
EndProject
Global
	GlobalSection(SolutionConfigurationPlatforms) = preSolution
		Debug|Any CPU = Debug|Any CPU
		Release|Any CPU = Release|Any CPU
	EndGlobalSection
	GlobalSection(ProjectConfigurationPlatforms) = postSolution
		{81DEA3EA-DCEB-422D-9B91-75D28DCDC871}.Debug|Any CPU.ActiveCfg = Debug|Any CPU
		{81DEA3EA-DCEB-422D-9B91-75D28DCDC871}.Debug|Any CPU.Build.0 = Debug|Any CPU
		{81DEA3EA-DCEB-422D-9B91-75D28DCDC871}.Release|Any CPU.ActiveCfg = Release|Any CPU
		{81DEA3EA-DCEB-422D-9B91-75D28DCDC871}.Release|Any CPU.Build.0 = Release|Any CPU
		{5788EEFF-6142-4BE7-911E-29F0B4B2C8A9}.Debug|Any CPU.ActiveCfg = Debug|Any CPU
		{5788EEFF-6142-4BE7-911E-29F0B4B2C8A9}.Debug|Any CPU.Build.0 = Debug|Any CPU
		{5788EEFF-6142-4BE7-911E-29F0B4B2C8A9}.Release|Any CPU.ActiveCfg = Release|Any CPU
		{5788EEFF-6142-4BE7-911E-29F0B4B2C8A9}.Release|Any CPU.Build.0 = Release|Any CPU
		{4D960974-300D-4850-9282-C0B69008863B}.Debug|Any CPU.ActiveCfg = Debug|Any CPU
		{4D960974-300D-4850-9282-C0B69008863B}.Debug|Any CPU.Build.0 = Debug|Any CPU
		{4D960974-300D-4850-9282-C0B69008863B}.Release|Any CPU.ActiveCfg = Release|Any CPU
		{4D960974-300D-4850-9282-C0B69008863B}.Release|Any CPU.Build.0 = Release|Any CPU
		{2A54A9CB-65C3-4D70-B81F-9CE548F27354}.Debug|Any CPU.ActiveCfg = Debug|Any CPU
		{2A54A9CB-65C3-4D70-B81F-9CE548F27354}.Debug|Any CPU.Build.0 = Debug|Any CPU
		{2A54A9CB-65C3-4D70-B81F-9CE548F27354}.Release|Any CPU.ActiveCfg = Release|Any CPU
		{2A54A9CB-65C3-4D70-B81F-9CE548F27354}.Release|Any CPU.Build.0 = Release|Any CPU
		{F9824D4A-7643-4DD4-970F-3C2F31B7D810}.Debug|Any CPU.ActiveCfg = Debug|Any CPU
		{F9824D4A-7643-4DD4-970F-3C2F31B7D810}.Debug|Any CPU.Build.0 = Debug|Any CPU
		{F9824D4A-7643-4DD4-970F-3C2F31B7D810}.Release|Any CPU.ActiveCfg = Release|Any CPU
		{F9824D4A-7643-4DD4-970F-3C2F31B7D810}.Release|Any CPU.Build.0 = Release|Any CPU
		{7DECD412-DE95-430F-962E-3E7E7B459EA2}.Debug|Any CPU.ActiveCfg = Debug|Any CPU
		{7DECD412-DE95-430F-962E-3E7E7B459EA2}.Debug|Any CPU.Build.0 = Debug|Any CPU
		{7DECD412-DE95-430F-962E-3E7E7B459EA2}.Release|Any CPU.ActiveCfg = Release|Any CPU
		{7DECD412-DE95-430F-962E-3E7E7B459EA2}.Release|Any CPU.Build.0 = Release|Any CPU
		{AA5D1DA6-4DB0-4197-A51C-F5FBEBDBABEF}.Debug|Any CPU.ActiveCfg = Debug|Any CPU
		{AA5D1DA6-4DB0-4197-A51C-F5FBEBDBABEF}.Debug|Any CPU.Build.0 = Debug|Any CPU
		{AA5D1DA6-4DB0-4197-A51C-F5FBEBDBABEF}.Release|Any CPU.ActiveCfg = Release|Any CPU
		{AA5D1DA6-4DB0-4197-A51C-F5FBEBDBABEF}.Release|Any CPU.Build.0 = Release|Any CPU
		{D246ED70-D94C-4EE2-B126-F89F84D80641}.Debug|Any CPU.ActiveCfg = Debug|Any CPU
		{D246ED70-D94C-4EE2-B126-F89F84D80641}.Debug|Any CPU.Build.0 = Debug|Any CPU
		{D246ED70-D94C-4EE2-B126-F89F84D80641}.Release|Any CPU.ActiveCfg = Release|Any CPU
		{D246ED70-D94C-4EE2-B126-F89F84D80641}.Release|Any CPU.Build.0 = Release|Any CPU
	EndGlobalSection
	GlobalSection(SolutionProperties) = preSolution
		HideSolutionNode = FALSE
	EndGlobalSection
	GlobalSection(NestedProjects) = preSolution
		{81DEA3EA-DCEB-422D-9B91-75D28DCDC871} = {02EA681E-C7D8-13C7-8484-4AC65E1B71E8}
		{5788EEFF-6142-4BE7-911E-29F0B4B2C8A9} = {8DA2229C-5753-4B0D-AAB7-C45C83C50DA1}
		{4D960974-300D-4850-9282-C0B69008863B} = {02EA681E-C7D8-13C7-8484-4AC65E1B71E8}
		{2A54A9CB-65C3-4D70-B81F-9CE548F27354} = {8DA2229C-5753-4B0D-AAB7-C45C83C50DA1}
		{F9824D4A-7643-4DD4-970F-3C2F31B7D810} = {02EA681E-C7D8-13C7-8484-4AC65E1B71E8}
		{7DECD412-DE95-430F-962E-3E7E7B459EA2} = {8DA2229C-5753-4B0D-AAB7-C45C83C50DA1}
		{AA5D1DA6-4DB0-4197-A51C-F5FBEBDBABEF} = {02EA681E-C7D8-13C7-8484-4AC65E1B71E8}
		{D246ED70-D94C-4EE2-B126-F89F84D80641} = {02EA681E-C7D8-13C7-8484-4AC65E1B71E8}
	EndGlobalSection
	GlobalSection(ExtensibilityGlobals) = postSolution
		SolutionGuid = {69F0F767-029E-483F-BC68-C254C43A6DE1}
	EndGlobalSection
EndGlobal
